// !$*UTF8*$!
{
	archiveVersion = 1;
	classes = {
	};
	objectVersion = 46;
	objects = {

/* Begin PBXBuildFile section */
		E7408D021F2F1F8400F56FED /* Bucket.swift in Sources */ = {isa = PBXBuildFile; fileRef = E7408D011F2F1F8400F56FED /* Bucket.swift */; };
		E7408D041F2F21D100F56FED /* Sorter.swift in Sources */ = {isa = PBXBuildFile; fileRef = E7408D031F2F21D100F56FED /* Sorter.swift */; };
		E7408D071F30341200F56FED /* BubbleSorter.swift in Sources */ = {isa = PBXBuildFile; fileRef = E7408D061F30341200F56FED /* BubbleSorter.swift */; };
		E7408D0B1F3052E500F56FED /* SelectionSorter.swift in Sources */ = {isa = PBXBuildFile; fileRef = E7408D0A1F3052E500F56FED /* SelectionSorter.swift */; };
		E7408D0D1F30545000F56FED /* InsertionSorter.swift in Sources */ = {isa = PBXBuildFile; fileRef = E7408D0C1F30545000F56FED /* InsertionSorter.swift */; };
		E7408D0F1F30553F00F56FED /* MergeSorter.swift in Sources */ = {isa = PBXBuildFile; fileRef = E7408D0E1F30553F00F56FED /* MergeSorter.swift */; };
		E7408D111F3059CE00F56FED /* QuickSorter.swift in Sources */ = {isa = PBXBuildFile; fileRef = E7408D101F3059CE00F56FED /* QuickSorter.swift */; };
		E74E1CBD1F330B720017F528 /* Distributor.swift in Sources */ = {isa = PBXBuildFile; fileRef = E74E1CBC1F330B720017F528 /* Distributor.swift */; };
		E74E1CBF1F3310E10017F528 /* BucketSorter.swift in Sources */ = {isa = PBXBuildFile; fileRef = E74E1CBE1F3310E10017F528 /* BucketSorter.swift */; };
		E7793C761F24447400957F76 /* AppDelegate.swift in Sources */ = {isa = PBXBuildFile; fileRef = E7793C751F24447400957F76 /* AppDelegate.swift */; };
		E7793C7B1F24447400957F76 /* Main.storyboard in Resources */ = {isa = PBXBuildFile; fileRef = E7793C791F24447400957F76 /* Main.storyboard */; };
		E7793C7D1F24447400957F76 /* Assets.xcassets in Resources */ = {isa = PBXBuildFile; fileRef = E7793C7C1F24447400957F76 /* Assets.xcassets */; };
		E7793C801F24447400957F76 /* LaunchScreen.storyboard in Resources */ = {isa = PBXBuildFile; fileRef = E7793C7E1F24447400957F76 /* LaunchScreen.storyboard */; };
		E7793C881F24489100957F76 /* OptionCell.swift in Sources */ = {isa = PBXBuildFile; fileRef = E7793C871F24489100957F76 /* OptionCell.swift */; };
		E7793C8A1F244CB100957F76 /* StatusCell.swift in Sources */ = {isa = PBXBuildFile; fileRef = E7793C891F244CB100957F76 /* StatusCell.swift */; };
		E7793C8C1F24574700957F76 /* DetailViewController.swift in Sources */ = {isa = PBXBuildFile; fileRef = E7793C8B1F24574700957F76 /* DetailViewController.swift */; };
		E7793C8E1F24596000957F76 /* MainViewController.swift in Sources */ = {isa = PBXBuildFile; fileRef = E7793C8D1F24596000957F76 /* MainViewController.swift */; };
		E7793C901F245BDF00957F76 /* Constants.swift in Sources */ = {isa = PBXBuildFile; fileRef = E7793C8F1F245BDF00957F76 /* Constants.swift */; };
		E7793C961F2717AF00957F76 /* Extensions.swift in Sources */ = {isa = PBXBuildFile; fileRef = E7793C951F2717AF00957F76 /* Extensions.swift */; };
		E7793C981F28806D00957F76 /* Generator.swift in Sources */ = {isa = PBXBuildFile; fileRef = E7793C971F28806D00957F76 /* Generator.swift */; };
		E7D07CCD1F3806C5009CD944 /* ProcessView.xib in Resources */ = {isa = PBXBuildFile; fileRef = E7D07CCC1F3806C5009CD944 /* ProcessView.xib */; };
		E7D07CCF1F3807A7009CD944 /* ProcessView.swift in Sources */ = {isa = PBXBuildFile; fileRef = E7D07CCE1F3807A7009CD944 /* ProcessView.swift */; };
		E7D07CD11F380B8B009CD944 /* ProcessCoordinator.swift in Sources */ = {isa = PBXBuildFile; fileRef = E7D07CD01F380B8B009CD944 /* ProcessCoordinator.swift */; };
		E7D07CD31F381026009CD944 /* ProcessViewManager.swift in Sources */ = {isa = PBXBuildFile; fileRef = E7D07CD21F381026009CD944 /* ProcessViewManager.swift */; };
		E7D07CD51F383F47009CD944 /* EasyTimer.swift in Sources */ = {isa = PBXBuildFile; fileRef = E7D07CD41F383F47009CD944 /* EasyTimer.swift */; };
/* End PBXBuildFile section */

/* Begin PBXFileReference section */
		E7408D011F2F1F8400F56FED /* Bucket.swift */ = {isa = PBXFileReference; fileEncoding = 4; lastKnownFileType = sourcecode.swift; path = Bucket.swift; sourceTree = "<group>"; };
		E7408D031F2F21D100F56FED /* Sorter.swift */ = {isa = PBXFileReference; fileEncoding = 4; lastKnownFileType = sourcecode.swift; path = Sorter.swift; sourceTree = "<group>"; };
		E7408D061F30341200F56FED /* BubbleSorter.swift */ = {isa = PBXFileReference; fileEncoding = 4; lastKnownFileType = sourcecode.swift; path = BubbleSorter.swift; sourceTree = "<group>"; };
		E7408D0A1F3052E500F56FED /* SelectionSorter.swift */ = {isa = PBXFileReference; fileEncoding = 4; lastKnownFileType = sourcecode.swift; path = SelectionSorter.swift; sourceTree = "<group>"; };
		E7408D0C1F30545000F56FED /* InsertionSorter.swift */ = {isa = PBXFileReference; fileEncoding = 4; lastKnownFileType = sourcecode.swift; path = InsertionSorter.swift; sourceTree = "<group>"; };
		E7408D0E1F30553F00F56FED /* MergeSorter.swift */ = {isa = PBXFileReference; fileEncoding = 4; lastKnownFileType = sourcecode.swift; path = MergeSorter.swift; sourceTree = "<group>"; };
		E7408D101F3059CE00F56FED /* QuickSorter.swift */ = {isa = PBXFileReference; fileEncoding = 4; lastKnownFileType = sourcecode.swift; path = QuickSorter.swift; sourceTree = "<group>"; };
		E74E1CBC1F330B720017F528 /* Distributor.swift */ = {isa = PBXFileReference; fileEncoding = 4; lastKnownFileType = sourcecode.swift; path = Distributor.swift; sourceTree = "<group>"; };
		E74E1CBE1F3310E10017F528 /* BucketSorter.swift */ = {isa = PBXFileReference; fileEncoding = 4; lastKnownFileType = sourcecode.swift; path = BucketSorter.swift; sourceTree = "<group>"; };
		E7793C721F24447400957F76 /* SortAlgorithms.app */ = {isa = PBXFileReference; explicitFileType = wrapper.application; includeInIndex = 0; path = SortAlgorithms.app; sourceTree = BUILT_PRODUCTS_DIR; };
		E7793C751F24447400957F76 /* AppDelegate.swift */ = {isa = PBXFileReference; lastKnownFileType = sourcecode.swift; path = AppDelegate.swift; sourceTree = "<group>"; };
		E7793C7A1F24447400957F76 /* Base */ = {isa = PBXFileReference; lastKnownFileType = file.storyboard; name = Base; path = Base.lproj/Main.storyboard; sourceTree = "<group>"; };
		E7793C7C1F24447400957F76 /* Assets.xcassets */ = {isa = PBXFileReference; lastKnownFileType = folder.assetcatalog; path = Assets.xcassets; sourceTree = "<group>"; };
		E7793C7F1F24447400957F76 /* Base */ = {isa = PBXFileReference; lastKnownFileType = file.storyboard; name = Base; path = Base.lproj/LaunchScreen.storyboard; sourceTree = "<group>"; };
		E7793C811F24447400957F76 /* Info.plist */ = {isa = PBXFileReference; lastKnownFileType = text.plist.xml; path = Info.plist; sourceTree = "<group>"; };
		E7793C871F24489100957F76 /* OptionCell.swift */ = {isa = PBXFileReference; fileEncoding = 4; lastKnownFileType = sourcecode.swift; path = OptionCell.swift; sourceTree = "<group>"; };
		E7793C891F244CB100957F76 /* StatusCell.swift */ = {isa = PBXFileReference; fileEncoding = 4; lastKnownFileType = sourcecode.swift; path = StatusCell.swift; sourceTree = "<group>"; };
		E7793C8B1F24574700957F76 /* DetailViewController.swift */ = {isa = PBXFileReference; fileEncoding = 4; lastKnownFileType = sourcecode.swift; path = DetailViewController.swift; sourceTree = "<group>"; };
		E7793C8D1F24596000957F76 /* MainViewController.swift */ = {isa = PBXFileReference; fileEncoding = 4; lastKnownFileType = sourcecode.swift; path = MainViewController.swift; sourceTree = "<group>"; };
		E7793C8F1F245BDF00957F76 /* Constants.swift */ = {isa = PBXFileReference; fileEncoding = 4; lastKnownFileType = sourcecode.swift; path = Constants.swift; sourceTree = "<group>"; };
		E7793C951F2717AF00957F76 /* Extensions.swift */ = {isa = PBXFileReference; fileEncoding = 4; lastKnownFileType = sourcecode.swift; path = Extensions.swift; sourceTree = "<group>"; };
		E7793C971F28806D00957F76 /* Generator.swift */ = {isa = PBXFileReference; fileEncoding = 4; lastKnownFileType = sourcecode.swift; path = Generator.swift; sourceTree = "<group>"; };
		E7D07CCC1F3806C5009CD944 /* ProcessView.xib */ = {isa = PBXFileReference; fileEncoding = 4; lastKnownFileType = file.xib; path = ProcessView.xib; sourceTree = "<group>"; };
		E7D07CCE1F3807A7009CD944 /* ProcessView.swift */ = {isa = PBXFileReference; fileEncoding = 4; lastKnownFileType = sourcecode.swift; path = ProcessView.swift; sourceTree = "<group>"; };
		E7D07CD01F380B8B009CD944 /* ProcessCoordinator.swift */ = {isa = PBXFileReference; fileEncoding = 4; lastKnownFileType = sourcecode.swift; path = ProcessCoordinator.swift; sourceTree = "<group>"; };
		E7D07CD21F381026009CD944 /* ProcessViewManager.swift */ = {isa = PBXFileReference; fileEncoding = 4; lastKnownFileType = sourcecode.swift; path = ProcessViewManager.swift; sourceTree = "<group>"; };
		E7D07CD41F383F47009CD944 /* EasyTimer.swift */ = {isa = PBXFileReference; fileEncoding = 4; lastKnownFileType = sourcecode.swift; path = EasyTimer.swift; sourceTree = "<group>"; };
/* End PBXFileReference section */

/* Begin PBXFrameworksBuildPhase section */
		E7793C6F1F24447400957F76 /* Frameworks */ = {
			isa = PBXFrameworksBuildPhase;
			buildActionMask = 2147483647;
			files = (
			);
			runOnlyForDeploymentPostprocessing = 0;
		};
/* End PBXFrameworksBuildPhase section */

/* Begin PBXGroup section */
		E7408D051F3033B800F56FED /* Sorters */ = {
			isa = PBXGroup;
			children = (
				E7408D061F30341200F56FED /* BubbleSorter.swift */,
				E7408D0A1F3052E500F56FED /* SelectionSorter.swift */,
				E7408D0C1F30545000F56FED /* InsertionSorter.swift */,
				E7408D0E1F30553F00F56FED /* MergeSorter.swift */,
				E7408D101F3059CE00F56FED /* QuickSorter.swift */,
				E74E1CBE1F3310E10017F528 /* BucketSorter.swift */,
			);
			name = Sorters;
			sourceTree = "<group>";
		};
		E7793C691F24447400957F76 = {
			isa = PBXGroup;
			children = (
				E7793C741F24447400957F76 /* SortAlgorithms */,
				E7793C731F24447400957F76 /* Products */,
			);
			sourceTree = "<group>";
		};
		E7793C731F24447400957F76 /* Products */ = {
			isa = PBXGroup;
			children = (
				E7793C721F24447400957F76 /* SortAlgorithms.app */,
			);
			name = Products;
			sourceTree = "<group>";
		};
		E7793C741F24447400957F76 /* SortAlgorithms */ = {
			isa = PBXGroup;
			children = (
				E7D07CCB1F3806B2009CD944 /* ProcessView */,
				E7793C921F245C0400957F76 /* Cells */,
				E7408D051F3033B800F56FED /* Sorters */,
				E7793C941F245C1C00957F76 /* Utilities */,
				E7793C931F245C0E00957F76 /* ViewControllers */,
				E7793C911F245BE800957F76 /* SupportFiles */,
			);
			path = SortAlgorithms;
			sourceTree = "<group>";
		};
		E7793C911F245BE800957F76 /* SupportFiles */ = {
			isa = PBXGroup;
			children = (
				E7793C751F24447400957F76 /* AppDelegate.swift */,
				E7793C7C1F24447400957F76 /* Assets.xcassets */,
				E7793C7E1F24447400957F76 /* LaunchScreen.storyboard */,
				E7793C811F24447400957F76 /* Info.plist */,
			);
			name = SupportFiles;
			sourceTree = "<group>";
		};
		E7793C921F245C0400957F76 /* Cells */ = {
			isa = PBXGroup;
			children = (
				E7793C871F24489100957F76 /* OptionCell.swift */,
				E7793C891F244CB100957F76 /* StatusCell.swift */,
			);
			name = Cells;
			sourceTree = "<group>";
		};
		E7793C931F245C0E00957F76 /* ViewControllers */ = {
			isa = PBXGroup;
			children = (
				E7793C8D1F24596000957F76 /* MainViewController.swift */,
				E7793C8B1F24574700957F76 /* DetailViewController.swift */,
				E7793C791F24447400957F76 /* Main.storyboard */,
			);
			name = ViewControllers;
			sourceTree = "<group>";
		};
		E7793C941F245C1C00957F76 /* Utilities */ = {
			isa = PBXGroup;
			children = (
				E7408D011F2F1F8400F56FED /* Bucket.swift */,
				E7408D031F2F21D100F56FED /* Sorter.swift */,
				E7793C8F1F245BDF00957F76 /* Constants.swift */,
				E7793C951F2717AF00957F76 /* Extensions.swift */,
				E7793C971F28806D00957F76 /* Generator.swift */,
				E74E1CBC1F330B720017F528 /* Distributor.swift */,
				E7D07CD41F383F47009CD944 /* EasyTimer.swift */,
			);
			name = Utilities;
			sourceTree = "<group>";
		};
		E7D07CCB1F3806B2009CD944 /* ProcessView */ = {
			isa = PBXGroup;
			children = (
				E7D07CCC1F3806C5009CD944 /* ProcessView.xib */,
				E7D07CCE1F3807A7009CD944 /* ProcessView.swift */,
				E7D07CD01F380B8B009CD944 /* ProcessCoordinator.swift */,
				E7D07CD21F381026009CD944 /* ProcessViewManager.swift */,
			);
			name = ProcessView;
			sourceTree = "<group>";
		};
/* End PBXGroup section */

/* Begin PBXNativeTarget section */
		E7793C711F24447400957F76 /* SortAlgorithms */ = {
			isa = PBXNativeTarget;
			buildConfigurationList = E7793C841F24447400957F76 /* Build configuration list for PBXNativeTarget "SortAlgorithms" */;
			buildPhases = (
				E7793C6E1F24447400957F76 /* Sources */,
				E7793C6F1F24447400957F76 /* Frameworks */,
				E7793C701F24447400957F76 /* Resources */,
			);
			buildRules = (
			);
			dependencies = (
			);
			name = SortAlgorithms;
			productName = SortAlgorithms;
			productReference = E7793C721F24447400957F76 /* SortAlgorithms.app */;
			productType = "com.apple.product-type.application";
		};
/* End PBXNativeTarget section */

/* Begin PBXProject section */
		E7793C6A1F24447400957F76 /* Project object */ = {
			isa = PBXProject;
			attributes = {
				LastSwiftUpdateCheck = 0830;
				LastUpgradeCheck = 0900;
				ORGANIZATIONNAME = SergeSinkevych;
				TargetAttributes = {
					E7793C711F24447400957F76 = {
						CreatedOnToolsVersion = 8.3.1;
						DevelopmentTeam = 5PWYZ4J78Z;
						LastSwiftMigration = 0900;
						ProvisioningStyle = Automatic;
					};
				};
			};
			buildConfigurationList = E7793C6D1F24447400957F76 /* Build configuration list for PBXProject "SortAlgorithms" */;
			compatibilityVersion = "Xcode 3.2";
			developmentRegion = English;
			hasScannedForEncodings = 0;
			knownRegions = (
				en,
				Base,
			);
			mainGroup = E7793C691F24447400957F76;
			productRefGroup = E7793C731F24447400957F76 /* Products */;
			projectDirPath = "";
			projectRoot = "";
			targets = (
				E7793C711F24447400957F76 /* SortAlgorithms */,
			);
		};
/* End PBXProject section */

/* Begin PBXResourcesBuildPhase section */
		E7793C701F24447400957F76 /* Resources */ = {
			isa = PBXResourcesBuildPhase;
			buildActionMask = 2147483647;
			files = (
				E7793C801F24447400957F76 /* LaunchScreen.storyboard in Resources */,
				E7793C7D1F24447400957F76 /* Assets.xcassets in Resources */,
				E7793C7B1F24447400957F76 /* Main.storyboard in Resources */,
				E7D07CCD1F3806C5009CD944 /* ProcessView.xib in Resources */,
			);
			runOnlyForDeploymentPostprocessing = 0;
		};
/* End PBXResourcesBuildPhase section */

/* Begin PBXSourcesBuildPhase section */
		E7793C6E1F24447400957F76 /* Sources */ = {
			isa = PBXSourcesBuildPhase;
			buildActionMask = 2147483647;
			files = (
				E7408D0B1F3052E500F56FED /* SelectionSorter.swift in Sources */,
				E7793C761F24447400957F76 /* AppDelegate.swift in Sources */,
				E7793C981F28806D00957F76 /* Generator.swift in Sources */,
				E7793C8C1F24574700957F76 /* DetailViewController.swift in Sources */,
				E7408D021F2F1F8400F56FED /* Bucket.swift in Sources */,
				E7D07CCF1F3807A7009CD944 /* ProcessView.swift in Sources */,
				E7408D071F30341200F56FED /* BubbleSorter.swift in Sources */,
				E74E1CBF1F3310E10017F528 /* BucketSorter.swift in Sources */,
				E7793C8E1F24596000957F76 /* MainViewController.swift in Sources */,
				E74E1CBD1F330B720017F528 /* Distributor.swift in Sources */,
				E7D07CD11F380B8B009CD944 /* ProcessCoordinator.swift in Sources */,
				E7793C881F24489100957F76 /* OptionCell.swift in Sources */,
				E7408D111F3059CE00F56FED /* QuickSorter.swift in Sources */,
				E7408D0F1F30553F00F56FED /* MergeSorter.swift in Sources */,
				E7793C8A1F244CB100957F76 /* StatusCell.swift in Sources */,
				E7793C901F245BDF00957F76 /* Constants.swift in Sources */,
				E7408D041F2F21D100F56FED /* Sorter.swift in Sources */,
				E7793C961F2717AF00957F76 /* Extensions.swift in Sources */,
				E7D07CD51F383F47009CD944 /* EasyTimer.swift in Sources */,
				E7D07CD31F381026009CD944 /* ProcessViewManager.swift in Sources */,
				E7408D0D1F30545000F56FED /* InsertionSorter.swift in Sources */,
			);
			runOnlyForDeploymentPostprocessing = 0;
		};
/* End PBXSourcesBuildPhase section */

/* Begin PBXVariantGroup section */
		E7793C791F24447400957F76 /* Main.storyboard */ = {
			isa = PBXVariantGroup;
			children = (
				E7793C7A1F24447400957F76 /* Base */,
			);
			name = Main.storyboard;
			sourceTree = "<group>";
		};
		E7793C7E1F24447400957F76 /* LaunchScreen.storyboard */ = {
			isa = PBXVariantGroup;
			children = (
				E7793C7F1F24447400957F76 /* Base */,
			);
			name = LaunchScreen.storyboard;
			sourceTree = "<group>";
		};
/* End PBXVariantGroup section */

/* Begin XCBuildConfiguration section */
		E7793C821F24447400957F76 /* Debug */ = {
			isa = XCBuildConfiguration;
			buildSettings = {
				ALWAYS_SEARCH_USER_PATHS = NO;
				CLANG_ANALYZER_NONNULL = YES;
				CLANG_ANALYZER_NUMBER_OBJECT_CONVERSION = YES_AGGRESSIVE;
				CLANG_CXX_LANGUAGE_STANDARD = "gnu++0x";
				CLANG_CXX_LIBRARY = "libc++";
				CLANG_ENABLE_MODULES = YES;
				CLANG_ENABLE_OBJC_ARC = YES;
				CLANG_WARN_BLOCK_CAPTURE_AUTORELEASING = YES;
				CLANG_WARN_BOOL_CONVERSION = YES;
				CLANG_WARN_COMMA = YES;
				CLANG_WARN_CONSTANT_CONVERSION = YES;
				CLANG_WARN_DIRECT_OBJC_ISA_USAGE = YES_ERROR;
				CLANG_WARN_DOCUMENTATION_COMMENTS = YES;
				CLANG_WARN_EMPTY_BODY = YES;
				CLANG_WARN_ENUM_CONVERSION = YES;
				CLANG_WARN_INFINITE_RECURSION = YES;
				CLANG_WARN_INT_CONVERSION = YES;
				CLANG_WARN_NON_LITERAL_NULL_CONVERSION = YES;
				CLANG_WARN_OBJC_LITERAL_CONVERSION = YES;
				CLANG_WARN_OBJC_ROOT_CLASS = YES_ERROR;
				CLANG_WARN_RANGE_LOOP_ANALYSIS = YES;
				CLANG_WARN_STRICT_PROTOTYPES = YES;
				CLANG_WARN_SUSPICIOUS_MOVE = YES;
				CLANG_WARN_UNREACHABLE_CODE = YES;
				CLANG_WARN__DUPLICATE_METHOD_MATCH = YES;
				"CODE_SIGN_IDENTITY[sdk=iphoneos*]" = "iPhone Developer";
				COPY_PHASE_STRIP = NO;
				DEBUG_INFORMATION_FORMAT = dwarf;
				ENABLE_STRICT_OBJC_MSGSEND = YES;
				ENABLE_TESTABILITY = YES;
				GCC_C_LANGUAGE_STANDARD = gnu99;
				GCC_DYNAMIC_NO_PIC = NO;
				GCC_NO_COMMON_BLOCKS = YES;
				GCC_OPTIMIZATION_LEVEL = 0;
				GCC_PREPROCESSOR_DEFINITIONS = (
					"DEBUG=1",
					"$(inherited)",
				);
				GCC_WARN_64_TO_32_BIT_CONVERSION = YES;
				GCC_WARN_ABOUT_RETURN_TYPE = YES_ERROR;
				GCC_WARN_UNDECLARED_SELECTOR = YES;
				GCC_WARN_UNINITIALIZED_AUTOS = YES_AGGRESSIVE;
				GCC_WARN_UNUSED_FUNCTION = YES;
				GCC_WARN_UNUSED_VARIABLE = YES;
				IPHONEOS_DEPLOYMENT_TARGET = 10.3;
				MTL_ENABLE_DEBUG_INFO = YES;
				ONLY_ACTIVE_ARCH = YES;
				SDKROOT = iphoneos;
				SWIFT_ACTIVE_COMPILATION_CONDITIONS = DEBUG;
				SWIFT_OPTIMIZATION_LEVEL = "-Onone";
			};
			name = Debug;
		};
		E7793C831F24447400957F76 /* Release */ = {
			isa = XCBuildConfiguration;
			buildSettings = {
				ALWAYS_SEARCH_USER_PATHS = NO;
				CLANG_ANALYZER_NONNULL = YES;
				CLANG_ANALYZER_NUMBER_OBJECT_CONVERSION = YES_AGGRESSIVE;
				CLANG_CXX_LANGUAGE_STANDARD = "gnu++0x";
				CLANG_CXX_LIBRARY = "libc++";
				CLANG_ENABLE_MODULES = YES;
				CLANG_ENABLE_OBJC_ARC = YES;
				CLANG_WARN_BLOCK_CAPTURE_AUTORELEASING = YES;
				CLANG_WARN_BOOL_CONVERSION = YES;
				CLANG_WARN_COMMA = YES;
				CLANG_WARN_CONSTANT_CONVERSION = YES;
				CLANG_WARN_DIRECT_OBJC_ISA_USAGE = YES_ERROR;
				CLANG_WARN_DOCUMENTATION_COMMENTS = YES;
				CLANG_WARN_EMPTY_BODY = YES;
				CLANG_WARN_ENUM_CONVERSION = YES;
				CLANG_WARN_INFINITE_RECURSION = YES;
				CLANG_WARN_INT_CONVERSION = YES;
				CLANG_WARN_NON_LITERAL_NULL_CONVERSION = YES;
				CLANG_WARN_OBJC_LITERAL_CONVERSION = YES;
				CLANG_WARN_OBJC_ROOT_CLASS = YES_ERROR;
				CLANG_WARN_RANGE_LOOP_ANALYSIS = YES;
				CLANG_WARN_STRICT_PROTOTYPES = YES;
				CLANG_WARN_SUSPICIOUS_MOVE = YES;
				CLANG_WARN_UNREACHABLE_CODE = YES;
				CLANG_WARN__DUPLICATE_METHOD_MATCH = YES;
				"CODE_SIGN_IDENTITY[sdk=iphoneos*]" = "iPhone Developer";
				COPY_PHASE_STRIP = NO;
				DEBUG_INFORMATION_FORMAT = "dwarf-with-dsym";
				ENABLE_NS_ASSERTIONS = NO;
				ENABLE_STRICT_OBJC_MSGSEND = YES;
				GCC_C_LANGUAGE_STANDARD = gnu99;
				GCC_NO_COMMON_BLOCKS = YES;
				GCC_WARN_64_TO_32_BIT_CONVERSION = YES;
				GCC_WARN_ABOUT_RETURN_TYPE = YES_ERROR;
				GCC_WARN_UNDECLARED_SELECTOR = YES;
				GCC_WARN_UNINITIALIZED_AUTOS = YES_AGGRESSIVE;
				GCC_WARN_UNUSED_FUNCTION = YES;
				GCC_WARN_UNUSED_VARIABLE = YES;
				IPHONEOS_DEPLOYMENT_TARGET = 10.3;
				MTL_ENABLE_DEBUG_INFO = NO;
				SDKROOT = iphoneos;
				SWIFT_OPTIMIZATION_LEVEL = "-Owholemodule";
				VALIDATE_PRODUCT = YES;
			};
			name = Release;
		};
		E7793C851F24447400957F76 /* Debug */ = {
			isa = XCBuildConfiguration;
			buildSettings = {
				ASSETCATALOG_COMPILER_APPICON_NAME = AppIcon;
				DEVELOPMENT_TEAM = 5PWYZ4J78Z;
				INFOPLIST_FILE = SortAlgorithms/Info.plist;
				LD_RUNPATH_SEARCH_PATHS = "$(inherited) @executable_path/Frameworks";
				PRODUCT_BUNDLE_IDENTIFIER = com.tokayon.SortAlgorithms;
				PRODUCT_NAME = "$(TARGET_NAME)";
				SWIFT_SWIFT3_OBJC_INFERENCE = Default;
				SWIFT_VERSION = 4.0;
			};
			name = Debug;
		};
		E7793C861F24447400957F76 /* Release */ = {
			isa = XCBuildConfiguration;
			buildSettings = {
				ASSETCATALOG_COMPILER_APPICON_NAME = AppIcon;
				DEVELOPMENT_TEAM = 5PWYZ4J78Z;
				INFOPLIST_FILE = SortAlgorithms/Info.plist;
				LD_RUNPATH_SEARCH_PATHS = "$(inherited) @executable_path/Frameworks";
				PRODUCT_BUNDLE_IDENTIFIER = com.tokayon.SortAlgorithms;
				PRODUCT_NAME = "$(TARGET_NAME)";
				SWIFT_SWIFT3_OBJC_INFERENCE = Default;
				SWIFT_VERSION = 4.0;
			};
			name = Release;
		};
/* End XCBuildConfiguration section */

/* Begin XCConfigurationList section */
		E7793C6D1F24447400957F76 /* Build configuration list for PBXProject "SortAlgorithms" */ = {
			isa = XCConfigurationList;
			buildConfigurations = (
				E7793C821F24447400957F76 /* Debug */,
				E7793C831F24447400957F76 /* Release */,
			);
			defaultConfigurationIsVisible = 0;
			defaultConfigurationName = Release;
		};
		E7793C841F24447400957F76 /* Build configuration list for PBXNativeTarget "SortAlgorithms" */ = {
			isa = XCConfigurationList;
			buildConfigurations = (
				E7793C851F24447400957F76 /* Debug */,
				E7793C861F24447400957F76 /* Release */,
			);
			defaultConfigurationIsVisible = 0;
			defaultConfigurationName = Release;
		};
/* End XCConfigurationList section */
	};
	rootObject = E7793C6A1F24447400957F76 /* Project object */;
}
